
Microsoft Visual Studio Solution File, Format Version 12.00
# Visual Studio Version 16
VisualStudioVersion = 16.0.31702.278
MinimumVisualStudioVersion = 10.0.40219.1
Project("{FAE04EC0-301F-11D3-BF4B-00C04F79EFBC}") = "WPF GoogleTrends", "WPF GoogleTrends\WPF GoogleTrends.csproj", "{89C71282-4734-43A2-94F9-FBCFAC18C491}"
EndProject
Global
	GlobalSection(SolutionConfigurationPlatforms) = preSolution
		Debug|Any CPU = Debug|Any CPU
		Release|Any CPU = Release|Any CPU
	EndGlobalSection
	GlobalSection(ProjectConfigurationPlatforms) = postSolution
		{89C71282-4734-43A2-94F9-FBCFAC18C491}.Debug|Any CPU.ActiveCfg = Debug|Any CPU
		{89C71282-4734-43A2-94F9-FBCFAC18C491}.Debug|Any CPU.Build.0 = Debug|Any CPU
		{89C71282-4734-43A2-94F9-FBCFAC18C491}.Release|Any CPU.ActiveCfg = Release|Any CPU
		{89C71282-4734-43A2-94F9-FBCFAC18C491}.Release|Any CPU.Build.0 = Release|Any CPU
	EndGlobalSection
	GlobalSection(SolutionProperties) = preSolution
		HideSolutionNode = FALSE
	EndGlobalSection
	GlobalSection(ExtensibilityGlobals) = postSolution
		SolutionGuid = {9F371F5D-F980-4B56-8972-1C8359C4F491}
	EndGlobalSection
EndGlobal
