
Microsoft Visual Studio Solution File, Format Version 12.00
# Visual Studio Version 16
VisualStudioVersion = 16.0.31702.278
MinimumVisualStudioVersion = 10.0.40219.1
Project("{FAE04EC0-301F-11D3-BF4B-00C04F79EFBC}") = "Week 1 nr 2", "Week 1 nr 2\Week 1 nr 2.csproj", "{7F152AA9-239C-4621-9DDB-6711D40D52CB}"
EndProject
Global
	GlobalSection(SolutionConfigurationPlatforms) = preSolution
		Debug|Any CPU = Debug|Any CPU
		Release|Any CPU = Release|Any CPU
	EndGlobalSection
	GlobalSection(ProjectConfigurationPlatforms) = postSolution
		{7F152AA9-239C-4621-9DDB-6711D40D52CB}.Debug|Any CPU.ActiveCfg = Debug|Any CPU
		{7F152AA9-239C-4621-9DDB-6711D40D52CB}.Debug|Any CPU.Build.0 = Debug|Any CPU
		{7F152AA9-239C-4621-9DDB-6711D40D52CB}.Release|Any CPU.ActiveCfg = Release|Any CPU
		{7F152AA9-239C-4621-9DDB-6711D40D52CB}.Release|Any CPU.Build.0 = Release|Any CPU
	EndGlobalSection
	GlobalSection(SolutionProperties) = preSolution
		HideSolutionNode = FALSE
	EndGlobalSection
	GlobalSection(ExtensibilityGlobals) = postSolution
		SolutionGuid = {EA9C3391-62BD-42FE-9FEB-CC2B3BD3BB66}
	EndGlobalSection
EndGlobal
