
Microsoft Visual Studio Solution File, Format Version 12.00
# Visual Studio Version 16
VisualStudioVersion = 16.0.31702.278
MinimumVisualStudioVersion = 10.0.40219.1
Project("{FAE04EC0-301F-11D3-BF4B-00C04F79EFBC}") = "WPF CenterParcs", "WPF CenterParcs\WPF CenterParcs.csproj", "{9801F51D-67C1-41BF-B33D-BA78F3D1B9CD}"
EndProject
Global
	GlobalSection(SolutionConfigurationPlatforms) = preSolution
		Debug|Any CPU = Debug|Any CPU
		Release|Any CPU = Release|Any CPU
	EndGlobalSection
	GlobalSection(ProjectConfigurationPlatforms) = postSolution
		{9801F51D-67C1-41BF-B33D-BA78F3D1B9CD}.Debug|Any CPU.ActiveCfg = Debug|Any CPU
		{9801F51D-67C1-41BF-B33D-BA78F3D1B9CD}.Debug|Any CPU.Build.0 = Debug|Any CPU
		{9801F51D-67C1-41BF-B33D-BA78F3D1B9CD}.Release|Any CPU.ActiveCfg = Release|Any CPU
		{9801F51D-67C1-41BF-B33D-BA78F3D1B9CD}.Release|Any CPU.Build.0 = Release|Any CPU
	EndGlobalSection
	GlobalSection(SolutionProperties) = preSolution
		HideSolutionNode = FALSE
	EndGlobalSection
	GlobalSection(ExtensibilityGlobals) = postSolution
		SolutionGuid = {8A837852-CA81-4C51-A0F8-D3C696795D15}
	EndGlobalSection
EndGlobal
