
Microsoft Visual Studio Solution File, Format Version 12.00
# Visual Studio Version 17
VisualStudioVersion = 17.5.33516.290
MinimumVisualStudioVersion = 15.0.26124.0
Project("{9A19103F-16F7-4668-BE54-9A1E7A4F7556}") = "PeopleApp", "PeopleApp.Server\PeopleApp.csproj", "{FEA0C0C0-540E-4392-BF20-4FE134E2AA4F}"
EndProject
Project("{9A19103F-16F7-4668-BE54-9A1E7A4F7556}") = "PeopleApp.Shared", "PeopleApp.Shared\PeopleApp.Shared.csproj", "{5ABB531A-1C03-4104-911F-4ED1FB0F02BD}"
EndProject
Project("{FAE04EC0-301F-11D3-BF4B-00C04F79EFBC}") = "PeopleApp.Client", "PeopleApp.Client\PeopleApp.Client.csproj", "{AC98023B-B552-4FC9-8845-1C55A454C3C4}"
EndProject
Global
	GlobalSection(SolutionConfigurationPlatforms) = preSolution
		Debug|Any CPU = Debug|Any CPU
		Debug|x64 = Debug|x64
		Debug|x86 = Debug|x86
		Release|Any CPU = Release|Any CPU
		Release|x64 = Release|x64
		Release|x86 = Release|x86
	EndGlobalSection
	GlobalSection(ProjectConfigurationPlatforms) = postSolution
		{FEA0C0C0-540E-4392-BF20-4FE134E2AA4F}.Debug|Any CPU.ActiveCfg = Debug|Any CPU
		{FEA0C0C0-540E-4392-BF20-4FE134E2AA4F}.Debug|Any CPU.Build.0 = Debug|Any CPU
		{FEA0C0C0-540E-4392-BF20-4FE134E2AA4F}.Debug|x64.ActiveCfg = Debug|Any CPU
		{FEA0C0C0-540E-4392-BF20-4FE134E2AA4F}.Debug|x64.Build.0 = Debug|Any CPU
		{FEA0C0C0-540E-4392-BF20-4FE134E2AA4F}.Debug|x86.ActiveCfg = Debug|Any CPU
		{FEA0C0C0-540E-4392-BF20-4FE134E2AA4F}.Debug|x86.Build.0 = Debug|Any CPU
		{FEA0C0C0-540E-4392-BF20-4FE134E2AA4F}.Release|Any CPU.ActiveCfg = Release|Any CPU
		{FEA0C0C0-540E-4392-BF20-4FE134E2AA4F}.Release|Any CPU.Build.0 = Release|Any CPU
		{FEA0C0C0-540E-4392-BF20-4FE134E2AA4F}.Release|x64.ActiveCfg = Release|Any CPU
		{FEA0C0C0-540E-4392-BF20-4FE134E2AA4F}.Release|x64.Build.0 = Release|Any CPU
		{FEA0C0C0-540E-4392-BF20-4FE134E2AA4F}.Release|x86.ActiveCfg = Release|Any CPU
		{FEA0C0C0-540E-4392-BF20-4FE134E2AA4F}.Release|x86.Build.0 = Release|Any CPU
		{5ABB531A-1C03-4104-911F-4ED1FB0F02BD}.Debug|Any CPU.ActiveCfg = Debug|Any CPU
		{5ABB531A-1C03-4104-911F-4ED1FB0F02BD}.Debug|Any CPU.Build.0 = Debug|Any CPU
		{5ABB531A-1C03-4104-911F-4ED1FB0F02BD}.Debug|x64.ActiveCfg = Debug|Any CPU
		{5ABB531A-1C03-4104-911F-4ED1FB0F02BD}.Debug|x64.Build.0 = Debug|Any CPU
		{5ABB531A-1C03-4104-911F-4ED1FB0F02BD}.Debug|x86.ActiveCfg = Debug|Any CPU
		{5ABB531A-1C03-4104-911F-4ED1FB0F02BD}.Debug|x86.Build.0 = Debug|Any CPU
		{5ABB531A-1C03-4104-911F-4ED1FB0F02BD}.Release|Any CPU.ActiveCfg = Release|Any CPU
		{5ABB531A-1C03-4104-911F-4ED1FB0F02BD}.Release|Any CPU.Build.0 = Release|Any CPU
		{5ABB531A-1C03-4104-911F-4ED1FB0F02BD}.Release|x64.ActiveCfg = Release|Any CPU
		{5ABB531A-1C03-4104-911F-4ED1FB0F02BD}.Release|x64.Build.0 = Release|Any CPU
		{5ABB531A-1C03-4104-911F-4ED1FB0F02BD}.Release|x86.ActiveCfg = Release|Any CPU
		{5ABB531A-1C03-4104-911F-4ED1FB0F02BD}.Release|x86.Build.0 = Release|Any CPU
		{AC98023B-B552-4FC9-8845-1C55A454C3C4}.Debug|Any CPU.ActiveCfg = Debug|Any CPU
		{AC98023B-B552-4FC9-8845-1C55A454C3C4}.Debug|Any CPU.Build.0 = Debug|Any CPU
		{AC98023B-B552-4FC9-8845-1C55A454C3C4}.Debug|x64.ActiveCfg = Debug|Any CPU
		{AC98023B-B552-4FC9-8845-1C55A454C3C4}.Debug|x64.Build.0 = Debug|Any CPU
		{AC98023B-B552-4FC9-8845-1C55A454C3C4}.Debug|x86.ActiveCfg = Debug|Any CPU
		{AC98023B-B552-4FC9-8845-1C55A454C3C4}.Debug|x86.Build.0 = Debug|Any CPU
		{AC98023B-B552-4FC9-8845-1C55A454C3C4}.Release|Any CPU.ActiveCfg = Release|Any CPU
		{AC98023B-B552-4FC9-8845-1C55A454C3C4}.Release|Any CPU.Build.0 = Release|Any CPU
		{AC98023B-B552-4FC9-8845-1C55A454C3C4}.Release|x64.ActiveCfg = Release|Any CPU
		{AC98023B-B552-4FC9-8845-1C55A454C3C4}.Release|x64.Build.0 = Release|Any CPU
		{AC98023B-B552-4FC9-8845-1C55A454C3C4}.Release|x86.ActiveCfg = Release|Any CPU
		{AC98023B-B552-4FC9-8845-1C55A454C3C4}.Release|x86.Build.0 = Release|Any CPU
	EndGlobalSection
	GlobalSection(SolutionProperties) = preSolution
		HideSolutionNode = FALSE
	EndGlobalSection
	GlobalSection(ExtensibilityGlobals) = postSolution
		SolutionGuid = {B92D43B9-84F3-476D-99AE-23CCA2E14013}
	EndGlobalSection
EndGlobal
