
Microsoft Visual Studio Solution File, Format Version 12.00
# Visual Studio Version 17
VisualStudioVersion = 17.3.32901.215
MinimumVisualStudioVersion = 10.0.40219.1
Project("{9A19103F-16F7-4668-BE54-9A1E7A4F7556}") = "HogeschoolPXL", "HogeschoolPXL\HogeschoolPXL.csproj", "{6B30B3DA-CDA5-4A70-9EE9-51827ABCD3AE}"
EndProject
Global
	GlobalSection(SolutionConfigurationPlatforms) = preSolution
		Debug|Any CPU = Debug|Any CPU
		Release|Any CPU = Release|Any CPU
	EndGlobalSection
	GlobalSection(ProjectConfigurationPlatforms) = postSolution
		{6B30B3DA-CDA5-4A70-9EE9-51827ABCD3AE}.Debug|Any CPU.ActiveCfg = Debug|Any CPU
		{6B30B3DA-CDA5-4A70-9EE9-51827ABCD3AE}.Debug|Any CPU.Build.0 = Debug|Any CPU
		{6B30B3DA-CDA5-4A70-9EE9-51827ABCD3AE}.Release|Any CPU.ActiveCfg = Release|Any CPU
		{6B30B3DA-CDA5-4A70-9EE9-51827ABCD3AE}.Release|Any CPU.Build.0 = Release|Any CPU
	EndGlobalSection
	GlobalSection(SolutionProperties) = preSolution
		HideSolutionNode = FALSE
	EndGlobalSection
	GlobalSection(ExtensibilityGlobals) = postSolution
		SolutionGuid = {C865520D-B4A7-4465-897F-BC68C9D5E5E7}
	EndGlobalSection
EndGlobal
