
Microsoft Visual Studio Solution File, Format Version 12.00
# Visual Studio Version 16
VisualStudioVersion = 16.0.31727.386
MinimumVisualStudioVersion = 10.0.40219.1
Project("{FAE04EC0-301F-11D3-BF4B-00C04F79EFBC}") = "WpfFoutafhandeling", "WpfFoutafhandeling\WpfFoutafhandeling.csproj", "{C8DB9BB4-CC31-4958-A75A-768EB08AA662}"
EndProject
Global
	GlobalSection(SolutionConfigurationPlatforms) = preSolution
		Debug|Any CPU = Debug|Any CPU
		Release|Any CPU = Release|Any CPU
	EndGlobalSection
	GlobalSection(ProjectConfigurationPlatforms) = postSolution
		{C8DB9BB4-CC31-4958-A75A-768EB08AA662}.Debug|Any CPU.ActiveCfg = Debug|Any CPU
		{C8DB9BB4-CC31-4958-A75A-768EB08AA662}.Debug|Any CPU.Build.0 = Debug|Any CPU
		{C8DB9BB4-CC31-4958-A75A-768EB08AA662}.Release|Any CPU.ActiveCfg = Release|Any CPU
		{C8DB9BB4-CC31-4958-A75A-768EB08AA662}.Release|Any CPU.Build.0 = Release|Any CPU
	EndGlobalSection
	GlobalSection(SolutionProperties) = preSolution
		HideSolutionNode = FALSE
	EndGlobalSection
	GlobalSection(ExtensibilityGlobals) = postSolution
		SolutionGuid = {94592B5F-F067-46F7-B4F5-0B798F29F875}
	EndGlobalSection
EndGlobal
