
Microsoft Visual Studio Solution File, Format Version 12.00
# Visual Studio Version 17
VisualStudioVersion = 17.3.32901.215
MinimumVisualStudioVersion = 10.0.40219.1
Project("{FAE04EC0-301F-11D3-BF4B-00C04F79EFBC}") = "MVCPartyInvites", "MVCPartyInvites\MVCPartyInvites.csproj", "{3FEBB052-359C-44F5-851E-C52F1EF3BE0A}"
EndProject
Global
	GlobalSection(SolutionConfigurationPlatforms) = preSolution
		Debug|Any CPU = Debug|Any CPU
		Release|Any CPU = Release|Any CPU
	EndGlobalSection
	GlobalSection(ProjectConfigurationPlatforms) = postSolution
		{3FEBB052-359C-44F5-851E-C52F1EF3BE0A}.Debug|Any CPU.ActiveCfg = Debug|Any CPU
		{3FEBB052-359C-44F5-851E-C52F1EF3BE0A}.Debug|Any CPU.Build.0 = Debug|Any CPU
		{3FEBB052-359C-44F5-851E-C52F1EF3BE0A}.Release|Any CPU.ActiveCfg = Release|Any CPU
		{3FEBB052-359C-44F5-851E-C52F1EF3BE0A}.Release|Any CPU.Build.0 = Release|Any CPU
	EndGlobalSection
	GlobalSection(SolutionProperties) = preSolution
		HideSolutionNode = FALSE
	EndGlobalSection
	GlobalSection(ExtensibilityGlobals) = postSolution
		SolutionGuid = {01D5CB19-757C-4D30-8F2E-4EFD742E3D0E}
	EndGlobalSection
EndGlobal
