
Microsoft Visual Studio Solution File, Format Version 12.00
# Visual Studio Version 16
VisualStudioVersion = 16.0.31727.386
MinimumVisualStudioVersion = 10.0.40219.1
Project("{FAE04EC0-301F-11D3-BF4B-00C04F79EFBC}") = "Oef Klasses 2 console", "Oef Klasses 2 console\Oef Klasses 2 console.csproj", "{BEB40563-186F-48B7-AC9E-06A7D934A421}"
EndProject
Global
	GlobalSection(SolutionConfigurationPlatforms) = preSolution
		Debug|Any CPU = Debug|Any CPU
		Release|Any CPU = Release|Any CPU
	EndGlobalSection
	GlobalSection(ProjectConfigurationPlatforms) = postSolution
		{BEB40563-186F-48B7-AC9E-06A7D934A421}.Debug|Any CPU.ActiveCfg = Debug|Any CPU
		{BEB40563-186F-48B7-AC9E-06A7D934A421}.Debug|Any CPU.Build.0 = Debug|Any CPU
		{BEB40563-186F-48B7-AC9E-06A7D934A421}.Release|Any CPU.ActiveCfg = Release|Any CPU
		{BEB40563-186F-48B7-AC9E-06A7D934A421}.Release|Any CPU.Build.0 = Release|Any CPU
	EndGlobalSection
	GlobalSection(SolutionProperties) = preSolution
		HideSolutionNode = FALSE
	EndGlobalSection
	GlobalSection(ExtensibilityGlobals) = postSolution
		SolutionGuid = {6AABE57A-55C1-4B25-8E85-7B9D515962C2}
	EndGlobalSection
EndGlobal
