
Microsoft Visual Studio Solution File, Format Version 12.00
# Visual Studio Version 17
VisualStudioVersion = 17.3.32901.215
MinimumVisualStudioVersion = 10.0.40219.1
Project("{FAE04EC0-301F-11D3-BF4B-00C04F79EFBC}") = "EncodingDemo", "EncodingDemo\EncodingDemo.csproj", "{61F7D81D-2B4C-46F4-BE24-5545D5AD71E8}"
EndProject
Global
	GlobalSection(SolutionConfigurationPlatforms) = preSolution
		Debug|Any CPU = Debug|Any CPU
		Release|Any CPU = Release|Any CPU
	EndGlobalSection
	GlobalSection(ProjectConfigurationPlatforms) = postSolution
		{61F7D81D-2B4C-46F4-BE24-5545D5AD71E8}.Debug|Any CPU.ActiveCfg = Debug|Any CPU
		{61F7D81D-2B4C-46F4-BE24-5545D5AD71E8}.Debug|Any CPU.Build.0 = Debug|Any CPU
		{61F7D81D-2B4C-46F4-BE24-5545D5AD71E8}.Release|Any CPU.ActiveCfg = Release|Any CPU
		{61F7D81D-2B4C-46F4-BE24-5545D5AD71E8}.Release|Any CPU.Build.0 = Release|Any CPU
	EndGlobalSection
	GlobalSection(SolutionProperties) = preSolution
		HideSolutionNode = FALSE
	EndGlobalSection
	GlobalSection(ExtensibilityGlobals) = postSolution
		SolutionGuid = {0C861BD3-E278-41F3-8FBB-C5CAB4ABB8F7}
	EndGlobalSection
EndGlobal
