
Microsoft Visual Studio Solution File, Format Version 12.00
# Visual Studio Version 16
VisualStudioVersion = 16.0.31702.278
MinimumVisualStudioVersion = 10.0.40219.1
Project("{FAE04EC0-301F-11D3-BF4B-00C04F79EFBC}") = "Eevee catcher", "Eevee catcher\Eevee catcher.csproj", "{B80C5FCE-D555-4772-AE86-C3DEC0E04F25}"
EndProject
Global
	GlobalSection(SolutionConfigurationPlatforms) = preSolution
		Debug|Any CPU = Debug|Any CPU
		Release|Any CPU = Release|Any CPU
	EndGlobalSection
	GlobalSection(ProjectConfigurationPlatforms) = postSolution
		{B80C5FCE-D555-4772-AE86-C3DEC0E04F25}.Debug|Any CPU.ActiveCfg = Debug|Any CPU
		{B80C5FCE-D555-4772-AE86-C3DEC0E04F25}.Debug|Any CPU.Build.0 = Debug|Any CPU
		{B80C5FCE-D555-4772-AE86-C3DEC0E04F25}.Release|Any CPU.ActiveCfg = Release|Any CPU
		{B80C5FCE-D555-4772-AE86-C3DEC0E04F25}.Release|Any CPU.Build.0 = Release|Any CPU
	EndGlobalSection
	GlobalSection(SolutionProperties) = preSolution
		HideSolutionNode = FALSE
	EndGlobalSection
	GlobalSection(ExtensibilityGlobals) = postSolution
		SolutionGuid = {22BD7348-D428-4B04-9D8E-FA807F45F534}
	EndGlobalSection
EndGlobal
