
Microsoft Visual Studio Solution File, Format Version 12.00
# Visual Studio Version 17
VisualStudioVersion = 17.3.32901.215
MinimumVisualStudioVersion = 10.0.40219.1
Project("{FAE04EC0-301F-11D3-BF4B-00C04F79EFBC}") = "MVCFifa2022", "MVCFifa2022\MVCFifa2022.csproj", "{50FE2354-123D-47B1-A9D4-76C8D6A17482}"
EndProject
Global
	GlobalSection(SolutionConfigurationPlatforms) = preSolution
		Debug|Any CPU = Debug|Any CPU
		Release|Any CPU = Release|Any CPU
	EndGlobalSection
	GlobalSection(ProjectConfigurationPlatforms) = postSolution
		{50FE2354-123D-47B1-A9D4-76C8D6A17482}.Debug|Any CPU.ActiveCfg = Debug|Any CPU
		{50FE2354-123D-47B1-A9D4-76C8D6A17482}.Debug|Any CPU.Build.0 = Debug|Any CPU
		{50FE2354-123D-47B1-A9D4-76C8D6A17482}.Release|Any CPU.ActiveCfg = Release|Any CPU
		{50FE2354-123D-47B1-A9D4-76C8D6A17482}.Release|Any CPU.Build.0 = Release|Any CPU
	EndGlobalSection
	GlobalSection(SolutionProperties) = preSolution
		HideSolutionNode = FALSE
	EndGlobalSection
	GlobalSection(ExtensibilityGlobals) = postSolution
		SolutionGuid = {51969916-7B42-47BF-9ADD-D9BA54D5F2F6}
	EndGlobalSection
EndGlobal
