
Microsoft Visual Studio Solution File, Format Version 12.00
# Visual Studio Version 16
VisualStudioVersion = 16.0.31702.278
MinimumVisualStudioVersion = 10.0.40219.1
Project("{FAE04EC0-301F-11D3-BF4B-00C04F79EFBC}") = "Toepassing 2 OefeningenbundelCSharpEssentials", "Toepassing 2 OefeningenbundelCSharpEssentials\Toepassing 2 OefeningenbundelCSharpEssentials.csproj", "{7EDCD17F-662D-4D0C-BCA7-0C2F9956B922}"
EndProject
Global
	GlobalSection(SolutionConfigurationPlatforms) = preSolution
		Debug|Any CPU = Debug|Any CPU
		Release|Any CPU = Release|Any CPU
	EndGlobalSection
	GlobalSection(ProjectConfigurationPlatforms) = postSolution
		{7EDCD17F-662D-4D0C-BCA7-0C2F9956B922}.Debug|Any CPU.ActiveCfg = Debug|Any CPU
		{7EDCD17F-662D-4D0C-BCA7-0C2F9956B922}.Debug|Any CPU.Build.0 = Debug|Any CPU
		{7EDCD17F-662D-4D0C-BCA7-0C2F9956B922}.Release|Any CPU.ActiveCfg = Release|Any CPU
		{7EDCD17F-662D-4D0C-BCA7-0C2F9956B922}.Release|Any CPU.Build.0 = Release|Any CPU
	EndGlobalSection
	GlobalSection(SolutionProperties) = preSolution
		HideSolutionNode = FALSE
	EndGlobalSection
	GlobalSection(ExtensibilityGlobals) = postSolution
		SolutionGuid = {D30D74C8-9CE1-45E6-B683-8421551E72A2}
	EndGlobalSection
EndGlobal
